
Microsoft Visual Studio Solution File, Format Version 12.00
# Visual Studio 15
VisualStudioVersion = 15.0.27130.2003
MinimumVisualStudioVersion = 10.0.40219.1
Project("{FAE04EC0-301F-11D3-BF4B-00C04F79EFBC}") = "Ticket", "Ticket\Ticket.csproj", "{5B664B6C-121B-465A-A903-00C3A414B73B}"
EndProject
Project("{FAE04EC0-301F-11D3-BF4B-00C04F79EFBC}") = "TicketDataLayer", "TicketDataLayer\TicketDataLayer.csproj", "{678A9D5B-F32E-469A-ABC4-646D31DF539E}"
EndProject
Project("{FAE04EC0-301F-11D3-BF4B-00C04F79EFBC}") = "TicketViewModel", "TicketViewModel\TicketViewModel.csproj", "{A66D5E06-08B7-4B89-8CFC-3F2433DCB0DE}"
EndProject
Project("{FAE04EC0-301F-11D3-BF4B-00C04F79EFBC}") = "Utility", "Utility\Utility.csproj", "{F2434187-7C9D-4B31-A987-0206075B9FAA}"
EndProject
Global
	GlobalSection(SolutionConfigurationPlatforms) = preSolution
		Debug|Any CPU = Debug|Any CPU
		Release|Any CPU = Release|Any CPU
	EndGlobalSection
	GlobalSection(ProjectConfigurationPlatforms) = postSolution
		{5B664B6C-121B-465A-A903-00C3A414B73B}.Debug|Any CPU.ActiveCfg = Debug|Any CPU
		{5B664B6C-121B-465A-A903-00C3A414B73B}.Debug|Any CPU.Build.0 = Debug|Any CPU
		{5B664B6C-121B-465A-A903-00C3A414B73B}.Release|Any CPU.ActiveCfg = Release|Any CPU
		{5B664B6C-121B-465A-A903-00C3A414B73B}.Release|Any CPU.Build.0 = Release|Any CPU
		{678A9D5B-F32E-469A-ABC4-646D31DF539E}.Debug|Any CPU.ActiveCfg = Debug|Any CPU
		{678A9D5B-F32E-469A-ABC4-646D31DF539E}.Debug|Any CPU.Build.0 = Debug|Any CPU
		{678A9D5B-F32E-469A-ABC4-646D31DF539E}.Release|Any CPU.ActiveCfg = Release|Any CPU
		{678A9D5B-F32E-469A-ABC4-646D31DF539E}.Release|Any CPU.Build.0 = Release|Any CPU
		{A66D5E06-08B7-4B89-8CFC-3F2433DCB0DE}.Debug|Any CPU.ActiveCfg = Debug|Any CPU
		{A66D5E06-08B7-4B89-8CFC-3F2433DCB0DE}.Debug|Any CPU.Build.0 = Debug|Any CPU
		{A66D5E06-08B7-4B89-8CFC-3F2433DCB0DE}.Release|Any CPU.ActiveCfg = Release|Any CPU
		{A66D5E06-08B7-4B89-8CFC-3F2433DCB0DE}.Release|Any CPU.Build.0 = Release|Any CPU
		{F2434187-7C9D-4B31-A987-0206075B9FAA}.Debug|Any CPU.ActiveCfg = Debug|Any CPU
		{F2434187-7C9D-4B31-A987-0206075B9FAA}.Debug|Any CPU.Build.0 = Debug|Any CPU
		{F2434187-7C9D-4B31-A987-0206075B9FAA}.Release|Any CPU.ActiveCfg = Release|Any CPU
		{F2434187-7C9D-4B31-A987-0206075B9FAA}.Release|Any CPU.Build.0 = Release|Any CPU
	EndGlobalSection
	GlobalSection(SolutionProperties) = preSolution
		HideSolutionNode = FALSE
	EndGlobalSection
	GlobalSection(ExtensibilityGlobals) = postSolution
		SolutionGuid = {88573C6C-20DF-4F0D-97CE-E279AA905142}
	EndGlobalSection
EndGlobal
